
Microsoft Visual Studio Solution File, Format Version 12.00
# Visual Studio Version 17
VisualStudioVersion = 17.2.32526.322
MinimumVisualStudioVersion = 10.0.40219.1
Project("{9A19103F-16F7-4668-BE54-9A1E7A4F7556}") = "gedefApi", "gedefApi\gedefApi.csproj", "{45002ABE-128D-423A-A32D-7119E446D139}"
EndProject
Project("{FAE04EC0-301F-11D3-BF4B-00C04F79EFBC}") = "EmailService", "EmailService\EmailService.csproj", "{AAFD20CB-F0CA-49FD-ACC7-49F0CFD5433E}"
EndProject
Global
	GlobalSection(SolutionConfigurationPlatforms) = preSolution
		Debug|Any CPU = Debug|Any CPU
		Release|Any CPU = Release|Any CPU
	EndGlobalSection
	GlobalSection(ProjectConfigurationPlatforms) = postSolution
		{45002ABE-128D-423A-A32D-7119E446D139}.Debug|Any CPU.ActiveCfg = Debug|Any CPU
		{45002ABE-128D-423A-A32D-7119E446D139}.Debug|Any CPU.Build.0 = Debug|Any CPU
		{45002ABE-128D-423A-A32D-7119E446D139}.Release|Any CPU.ActiveCfg = Release|Any CPU
		{45002ABE-128D-423A-A32D-7119E446D139}.Release|Any CPU.Build.0 = Release|Any CPU
		{AAFD20CB-F0CA-49FD-ACC7-49F0CFD5433E}.Debug|Any CPU.ActiveCfg = Debug|Any CPU
		{AAFD20CB-F0CA-49FD-ACC7-49F0CFD5433E}.Debug|Any CPU.Build.0 = Debug|Any CPU
		{AAFD20CB-F0CA-49FD-ACC7-49F0CFD5433E}.Release|Any CPU.ActiveCfg = Release|Any CPU
		{AAFD20CB-F0CA-49FD-ACC7-49F0CFD5433E}.Release|Any CPU.Build.0 = Release|Any CPU
	EndGlobalSection
	GlobalSection(SolutionProperties) = preSolution
		HideSolutionNode = FALSE
	EndGlobalSection
	GlobalSection(ExtensibilityGlobals) = postSolution
		SolutionGuid = {D1AA98B2-38F6-4D34-AE01-53CFF6962F7E}
	EndGlobalSection
EndGlobal
